// !$*UTF8*$!
{
	archiveVersion = 1;
	classes = {
	};
	objectVersion = 55;
	objects = {

/* Begin PBXBuildFile section */
		2F8B84F528F85C6F0046E4BA /* weathermvvmappApp.swift in Sources */ = {isa = PBXBuildFile; fileRef = 2F8B84F428F85C6F0046E4BA /* weathermvvmappApp.swift */; };
		2F8B84F728F85C6F0046E4BA /* ContentView.swift in Sources */ = {isa = PBXBuildFile; fileRef = 2F8B84F628F85C6F0046E4BA /* ContentView.swift */; };
		2F8B84F928F85C6F0046E4BA /* Assets.xcassets in Resources */ = {isa = PBXBuildFile; fileRef = 2F8B84F828F85C6F0046E4BA /* Assets.xcassets */; };
		2F8B84FC28F85C6F0046E4BA /* Preview Assets.xcassets in Resources */ = {isa = PBXBuildFile; fileRef = 2F8B84FB28F85C6F0046E4BA /* Preview Assets.xcassets */; };
		2F8B850428F85C8A0046E4BA /* Api.swift in Sources */ = {isa = PBXBuildFile; fileRef = 2F8B850328F85C8A0046E4BA /* Api.swift */; };
		C0E1052D476A38134C8C5F79 /* Pods_weathermvvmapp.framework in Frameworks */ = {isa = PBXBuildFile; fileRef = F91F2CCA974DFDD51D403DB6 /* Pods_weathermvvmapp.framework */; };
/* End PBXBuildFile section */

/* Begin PBXFileReference section */
		2F8B84F128F85C6F0046E4BA /* weathermvvmapp.app */ = {isa = PBXFileReference; explicitFileType = wrapper.application; includeInIndex = 0; path = weathermvvmapp.app; sourceTree = BUILT_PRODUCTS_DIR; };
		2F8B84F428F85C6F0046E4BA /* weathermvvmappApp.swift */ = {isa = PBXFileReference; lastKnownFileType = sourcecode.swift; path = weathermvvmappApp.swift; sourceTree = "<group>"; };
		2F8B84F628F85C6F0046E4BA /* ContentView.swift */ = {isa = PBXFileReference; lastKnownFileType = sourcecode.swift; path = ContentView.swift; sourceTree = "<group>"; };
		2F8B84F828F85C6F0046E4BA /* Assets.xcassets */ = {isa = PBXFileReference; lastKnownFileType = folder.assetcatalog; path = Assets.xcassets; sourceTree = "<group>"; };
		2F8B84FB28F85C6F0046E4BA /* Preview Assets.xcassets */ = {isa = PBXFileReference; lastKnownFileType = folder.assetcatalog; path = "Preview Assets.xcassets"; sourceTree = "<group>"; };
		2F8B850328F85C8A0046E4BA /* Api.swift */ = {isa = PBXFileReference; lastKnownFileType = sourcecode.swift; path = Api.swift; sourceTree = "<group>"; };
		432DB43EEB55861979855708 /* Pods-weathermvvmapp.release.xcconfig */ = {isa = PBXFileReference; includeInIndex = 1; lastKnownFileType = text.xcconfig; name = "Pods-weathermvvmapp.release.xcconfig"; path = "Target Support Files/Pods-weathermvvmapp/Pods-weathermvvmapp.release.xcconfig"; sourceTree = "<group>"; };
		AE08729EC4359476C8D9CEDB /* Pods-weathermvvmapp.debug.xcconfig */ = {isa = PBXFileReference; includeInIndex = 1; lastKnownFileType = text.xcconfig; name = "Pods-weathermvvmapp.debug.xcconfig"; path = "Target Support Files/Pods-weathermvvmapp/Pods-weathermvvmapp.debug.xcconfig"; sourceTree = "<group>"; };
		F91F2CCA974DFDD51D403DB6 /* Pods_weathermvvmapp.framework */ = {isa = PBXFileReference; explicitFileType = wrapper.framework; includeInIndex = 0; path = Pods_weathermvvmapp.framework; sourceTree = BUILT_PRODUCTS_DIR; };
/* End PBXFileReference section */

/* Begin PBXFrameworksBuildPhase section */
		2F8B84EE28F85C6F0046E4BA /* Frameworks */ = {
			isa = PBXFrameworksBuildPhase;
			buildActionMask = 2147483647;
			files = (
				C0E1052D476A38134C8C5F79 /* Pods_weathermvvmapp.framework in Frameworks */,
			);
			runOnlyForDeploymentPostprocessing = 0;
		};
/* End PBXFrameworksBuildPhase section */

/* Begin PBXGroup section */
		2F8B84E828F85C6F0046E4BA = {
			isa = PBXGroup;
			children = (
				2F8B84F328F85C6F0046E4BA /* weathermvvmapp */,
				2F8B84F228F85C6F0046E4BA /* Products */,
				9CE49290E6C22DE2C92B0EF4 /* Pods */,
				611D7D172AB4D5BD48D6EEBF /* Frameworks */,
			);
			sourceTree = "<group>";
		};
		2F8B84F228F85C6F0046E4BA /* Products */ = {
			isa = PBXGroup;
			children = (
				2F8B84F128F85C6F0046E4BA /* weathermvvmapp.app */,
			);
			name = Products;
			sourceTree = "<group>";
		};
		2F8B84F328F85C6F0046E4BA /* weathermvvmapp */ = {
			isa = PBXGroup;
			children = (
				2F8B850228F85C770046E4BA /* API's */,
				2F8B84F428F85C6F0046E4BA /* weathermvvmappApp.swift */,
				2F8B84F628F85C6F0046E4BA /* ContentView.swift */,
				2F8B84F828F85C6F0046E4BA /* Assets.xcassets */,
				2F8B84FA28F85C6F0046E4BA /* Preview Content */,
			);
			path = weathermvvmapp;
			sourceTree = "<group>";
		};
		2F8B84FA28F85C6F0046E4BA /* Preview Content */ = {
			isa = PBXGroup;
			children = (
				2F8B84FB28F85C6F0046E4BA /* Preview Assets.xcassets */,
			);
			path = "Preview Content";
			sourceTree = "<group>";
		};
		2F8B850228F85C770046E4BA /* API's */ = {
			isa = PBXGroup;
			children = (
				2F8B850328F85C8A0046E4BA /* Api.swift */,
			);
			path = "API's";
			sourceTree = "<group>";
		};
		611D7D172AB4D5BD48D6EEBF /* Frameworks */ = {
			isa = PBXGroup;
			children = (
				F91F2CCA974DFDD51D403DB6 /* Pods_weathermvvmapp.framework */,
			);
			name = Frameworks;
			sourceTree = "<group>";
		};
		9CE49290E6C22DE2C92B0EF4 /* Pods */ = {
			isa = PBXGroup;
			children = (
				AE08729EC4359476C8D9CEDB /* Pods-weathermvvmapp.debug.xcconfig */,
				432DB43EEB55861979855708 /* Pods-weathermvvmapp.release.xcconfig */,
			);
			path = Pods;
			sourceTree = "<group>";
		};
/* End PBXGroup section */

/* Begin PBXNativeTarget section */
		2F8B84F028F85C6F0046E4BA /* weathermvvmapp */ = {
			isa = PBXNativeTarget;
			buildConfigurationList = 2F8B84FF28F85C6F0046E4BA /* Build configuration list for PBXNativeTarget "weathermvvmapp" */;
			buildPhases = (
				6F080491B67A4F0EC7122E4C /* [CP] Check Pods Manifest.lock */,
				2F8B84ED28F85C6F0046E4BA /* Sources */,
				2F8B84EE28F85C6F0046E4BA /* Frameworks */,
				2F8B84EF28F85C6F0046E4BA /* Resources */,
				7E3D15C77666A2AC557AA1EE /* [CP] Embed Pods Frameworks */,
			);
			buildRules = (
			);
			dependencies = (
			);
			name = weathermvvmapp;
			productName = weathermvvmapp;
			productReference = 2F8B84F128F85C6F0046E4BA /* weathermvvmapp.app */;
			productType = "com.apple.product-type.application";
		};
/* End PBXNativeTarget section */

/* Begin PBXProject section */
		2F8B84E928F85C6F0046E4BA /* Project object */ = {
			isa = PBXProject;
			attributes = {
				BuildIndependentTargetsInParallel = 1;
				LastSwiftUpdateCheck = 1340;
				LastUpgradeCheck = 1340;
				TargetAttributes = {
					2F8B84F028F85C6F0046E4BA = {
						CreatedOnToolsVersion = 13.4.1;
					};
				};
			};
			buildConfigurationList = 2F8B84EC28F85C6F0046E4BA /* Build configuration list for PBXProject "weathermvvmapp" */;
			compatibilityVersion = "Xcode 13.0";
			developmentRegion = en;
			hasScannedForEncodings = 0;
			knownRegions = (
				en,
				Base,
			);
			mainGroup = 2F8B84E828F85C6F0046E4BA;
			productRefGroup = 2F8B84F228F85C6F0046E4BA /* Products */;
			projectDirPath = "";
			projectRoot = "";
			targets = (
				2F8B84F028F85C6F0046E4BA /* weathermvvmapp */,
			);
		};
/* End PBXProject section */

/* Begin PBXResourcesBuildPhase section */
		2F8B84EF28F85C6F0046E4BA /* Resources */ = {
			isa = PBXResourcesBuildPhase;
			buildActionMask = 2147483647;
			files = (
				2F8B84FC28F85C6F0046E4BA /* Preview Assets.xcassets in Resources */,
				2F8B84F928F85C6F0046E4BA /* Assets.xcassets in Resources */,
			);
			runOnlyForDeploymentPostprocessing = 0;
		};
/* End PBXResourcesBuildPhase section */

/* Begin PBXShellScriptBuildPhase section */
		6F080491B67A4F0EC7122E4C /* [CP] Check Pods Manifest.lock */ = {
			isa = PBXShellScriptBuildPhase;
			buildActionMask = 2147483647;
			files = (
			);
			inputFileListPaths = (
			);
			inputPaths = (
				"${PODS_PODFILE_DIR_PATH}/Podfile.lock",
				"${PODS_ROOT}/Manifest.lock",
			);
			name = "[CP] Check Pods Manifest.lock";
			outputFileListPaths = (
			);
			outputPaths = (
				"$(DERIVED_FILE_DIR)/Pods-weathermvvmapp-checkManifestLockResult.txt",
			);
			runOnlyForDeploymentPostprocessing = 0;
			shellPath = /bin/sh;
			shellScript = "diff \"${PODS_PODFILE_DIR_PATH}/Podfile.lock\" \"${PODS_ROOT}/Manifest.lock\" > /dev/null\nif [ $? != 0 ] ; then\n    # print error to STDERR\n    echo \"error: The sandbox is not in sync with the Podfile.lock. Run 'pod install' or update your CocoaPods installation.\" >&2\n    exit 1\nfi\n# This output is used by Xcode 'outputs' to avoid re-running this script phase.\necho \"SUCCESS\" > \"${SCRIPT_OUTPUT_FILE_0}\"\n";
			showEnvVarsInLog = 0;
		};
		7E3D15C77666A2AC557AA1EE /* [CP] Embed Pods Frameworks */ = {
			isa = PBXShellScriptBuildPhase;
			buildActionMask = 2147483647;
			files = (
			);
			inputFileListPaths = (
				"${PODS_ROOT}/Target Support Files/Pods-weathermvvmapp/Pods-weathermvvmapp-frameworks-${CONFIGURATION}-input-files.xcfilelist",
			);
			name = "[CP] Embed Pods Frameworks";
			outputFileListPaths = (
				"${PODS_ROOT}/Target Support Files/Pods-weathermvvmapp/Pods-weathermvvmapp-frameworks-${CONFIGURATION}-output-files.xcfilelist",
			);
			runOnlyForDeploymentPostprocessing = 0;
			shellPath = /bin/sh;
			shellScript = "\"${PODS_ROOT}/Target Support Files/Pods-weathermvvmapp/Pods-weathermvvmapp-frameworks.sh\"\n";
			showEnvVarsInLog = 0;
		};
/* End PBXShellScriptBuildPhase section */

/* Begin PBXSourcesBuildPhase section */
		2F8B84ED28F85C6F0046E4BA /* Sources */ = {
			isa = PBXSourcesBuildPhase;
			buildActionMask = 2147483647;
			files = (
				2F8B850428F85C8A0046E4BA /* Api.swift in Sources */,
				2F8B84F728F85C6F0046E4BA /* ContentView.swift in Sources */,
				2F8B84F528F85C6F0046E4BA /* weathermvvmappApp.swift in Sources */,
			);
			runOnlyForDeploymentPostprocessing = 0;
		};
/* End PBXSourcesBuildPhase section */

/* Begin XCBuildConfiguration section */
		2F8B84FD28F85C6F0046E4BA /* Debug */ = {
			isa = XCBuildConfiguration;
			buildSettings = {
				ALWAYS_SEARCH_USER_PATHS = NO;
				CLANG_ANALYZER_NONNULL = YES;
				CLANG_ANALYZER_NUMBER_OBJECT_CONVERSION = YES_AGGRESSIVE;
				CLANG_CXX_LANGUAGE_STANDARD = "gnu++17";
				CLANG_ENABLE_MODULES = YES;
				CLANG_ENABLE_OBJC_ARC = YES;
				CLANG_ENABLE_OBJC_WEAK = YES;
				CLANG_WARN_BLOCK_CAPTURE_AUTORELEASING = YES;
				CLANG_WARN_BOOL_CONVERSION = YES;
				CLANG_WARN_COMMA = YES;
				CLANG_WARN_CONSTANT_CONVERSION = YES;
				CLANG_WARN_DEPRECATED_OBJC_IMPLEMENTATIONS = YES;
				CLANG_WARN_DIRECT_OBJC_ISA_USAGE = YES_ERROR;
				CLANG_WARN_DOCUMENTATION_COMMENTS = YES;
				CLANG_WARN_EMPTY_BODY = YES;
				CLANG_WARN_ENUM_CONVERSION = YES;
				CLANG_WARN_INFINITE_RECURSION = YES;
				CLANG_WARN_INT_CONVERSION = YES;
				CLANG_WARN_NON_LITERAL_NULL_CONVERSION = YES;
				CLANG_WARN_OBJC_IMPLICIT_RETAIN_SELF = YES;
				CLANG_WARN_OBJC_LITERAL_CONVERSION = YES;
				CLANG_WARN_OBJC_ROOT_CLASS = YES_ERROR;
				CLANG_WARN_QUOTED_INCLUDE_IN_FRAMEWORK_HEADER = YES;
				CLANG_WARN_RANGE_LOOP_ANALYSIS = YES;
				CLANG_WARN_STRICT_PROTOTYPES = YES;
				CLANG_WARN_SUSPICIOUS_MOVE = YES;
				CLANG_WARN_UNGUARDED_AVAILABILITY = YES_AGGRESSIVE;
				CLANG_WARN_UNREACHABLE_CODE = YES;
				CLANG_WARN__DUPLICATE_METHOD_MATCH = YES;
				COPY_PHASE_STRIP = NO;
				DEBUG_INFORMATION_FORMAT = dwarf;
				ENABLE_STRICT_OBJC_MSGSEND = YES;
				ENABLE_TESTABILITY = YES;
				GCC_C_LANGUAGE_STANDARD = gnu11;
				GCC_DYNAMIC_NO_PIC = NO;
				GCC_NO_COMMON_BLOCKS = YES;
				GCC_OPTIMIZATION_LEVEL = 0;
				GCC_PREPROCESSOR_DEFINITIONS = (
					"DEBUG=1",
					"$(inherited)",
				);
				GCC_WARN_64_TO_32_BIT_CONVERSION = YES;
				GCC_WARN_ABOUT_RETURN_TYPE = YES_ERROR;
				GCC_WARN_UNDECLARED_SELECTOR = YES;
				GCC_WARN_UNINITIALIZED_AUTOS = YES_AGGRESSIVE;
				GCC_WARN_UNUSED_FUNCTION = YES;
				GCC_WARN_UNUSED_VARIABLE = YES;
				IPHONEOS_DEPLOYMENT_TARGET = 15.5;
				MTL_ENABLE_DEBUG_INFO = INCLUDE_SOURCE;
				MTL_FAST_MATH = YES;
				ONLY_ACTIVE_ARCH = YES;
				SDKROOT = iphoneos;
				SWIFT_ACTIVE_COMPILATION_CONDITIONS = DEBUG;
				SWIFT_OPTIMIZATION_LEVEL = "-Onone";
			};
			name = Debug;
		};
		2F8B84FE28F85C6F0046E4BA /* Release */ = {
			isa = XCBuildConfiguration;
			buildSettings = {
				ALWAYS_SEARCH_USER_PATHS = NO;
				CLANG_ANALYZER_NONNULL = YES;
				CLANG_ANALYZER_NUMBER_OBJECT_CONVERSION = YES_AGGRESSIVE;
				CLANG_CXX_LANGUAGE_STANDARD = "gnu++17";
				CLANG_ENABLE_MODULES = YES;
				CLANG_ENABLE_OBJC_ARC = YES;
				CLANG_ENABLE_OBJC_WEAK = YES;
				CLANG_WARN_BLOCK_CAPTURE_AUTORELEASING = YES;
				CLANG_WARN_BOOL_CONVERSION = YES;
				CLANG_WARN_COMMA = YES;
				CLANG_WARN_CONSTANT_CONVERSION = YES;
				CLANG_WARN_DEPRECATED_OBJC_IMPLEMENTATIONS = YES;
				CLANG_WARN_DIRECT_OBJC_ISA_USAGE = YES_ERROR;
				CLANG_WARN_DOCUMENTATION_COMMENTS = YES;
				CLANG_WARN_EMPTY_BODY = YES;
				CLANG_WARN_ENUM_CONVERSION = YES;
				CLANG_WARN_INFINITE_RECURSION = YES;
				CLANG_WARN_INT_CONVERSION = YES;
				CLANG_WARN_NON_LITERAL_NULL_CONVERSION = YES;
				CLANG_WARN_OBJC_IMPLICIT_RETAIN_SELF = YES;
				CLANG_WARN_OBJC_LITERAL_CONVERSION = YES;
				CLANG_WARN_OBJC_ROOT_CLASS = YES_ERROR;
				CLANG_WARN_QUOTED_INCLUDE_IN_FRAMEWORK_HEADER = YES;
				CLANG_WARN_RANGE_LOOP_ANALYSIS = YES;
				CLANG_WARN_STRICT_PROTOTYPES = YES;
				CLANG_WARN_SUSPICIOUS_MOVE = YES;
				CLANG_WARN_UNGUARDED_AVAILABILITY = YES_AGGRESSIVE;
				CLANG_WARN_UNREACHABLE_CODE = YES;
				CLANG_WARN__DUPLICATE_METHOD_MATCH = YES;
				COPY_PHASE_STRIP = NO;
				DEBUG_INFORMATION_FORMAT = "dwarf-with-dsym";
				ENABLE_NS_ASSERTIONS = NO;
				ENABLE_STRICT_OBJC_MSGSEND = YES;
				GCC_C_LANGUAGE_STANDARD = gnu11;
				GCC_NO_COMMON_BLOCKS = YES;
				GCC_WARN_64_TO_32_BIT_CONVERSION = YES;
				GCC_WARN_ABOUT_RETURN_TYPE = YES_ERROR;
				GCC_WARN_UNDECLARED_SELECTOR = YES;
				GCC_WARN_UNINITIALIZED_AUTOS = YES_AGGRESSIVE;
				GCC_WARN_UNUSED_FUNCTION = YES;
				GCC_WARN_UNUSED_VARIABLE = YES;
				IPHONEOS_DEPLOYMENT_TARGET = 15.5;
				MTL_ENABLE_DEBUG_INFO = NO;
				MTL_FAST_MATH = YES;
				SDKROOT = iphoneos;
				SWIFT_COMPILATION_MODE = wholemodule;
				SWIFT_OPTIMIZATION_LEVEL = "-O";
				VALIDATE_PRODUCT = YES;
			};
			name = Release;
		};
		2F8B850028F85C6F0046E4BA /* Debug */ = {
			isa = XCBuildConfiguration;
			baseConfigurationReference = AE08729EC4359476C8D9CEDB /* Pods-weathermvvmapp.debug.xcconfig */;
			buildSettings = {
				ASSETCATALOG_COMPILER_APPICON_NAME = AppIcon;
				ASSETCATALOG_COMPILER_GLOBAL_ACCENT_COLOR_NAME = AccentColor;
				CODE_SIGN_STYLE = Automatic;
				CURRENT_PROJECT_VERSION = 1;
				DEVELOPMENT_ASSET_PATHS = "\"weathermvvmapp/Preview Content\"";
				ENABLE_PREVIEWS = YES;
				GENERATE_INFOPLIST_FILE = YES;
				INFOPLIST_KEY_UIApplicationSceneManifest_Generation = YES;
				INFOPLIST_KEY_UIApplicationSupportsIndirectInputEvents = YES;
				INFOPLIST_KEY_UILaunchScreen_Generation = YES;
				INFOPLIST_KEY_UISupportedInterfaceOrientations_iPad = "UIInterfaceOrientationPortrait UIInterfaceOrientationPortraitUpsideDown UIInterfaceOrientationLandscapeLeft UIInterfaceOrientationLandscapeRight";
				INFOPLIST_KEY_UISupportedInterfaceOrientations_iPhone = "UIInterfaceOrientationPortrait UIInterfaceOrientationLandscapeLeft UIInterfaceOrientationLandscapeRight";
				LD_RUNPATH_SEARCH_PATHS = (
					"$(inherited)",
					"@executable_path/Frameworks",
				);
				MARKETING_VERSION = 1.0;
				PRODUCT_BUNDLE_IDENTIFIER = mahesh.com.weathermvvmapp;
				PRODUCT_NAME = "$(TARGET_NAME)";
				SWIFT_EMIT_LOC_STRINGS = YES;
				SWIFT_VERSION = 5.0;
				TARGETED_DEVICE_FAMILY = "1,2";
			};
			name = Debug;
		};
		2F8B850128F85C6F0046E4BA /* Release */ = {
			isa = XCBuildConfiguration;
			baseConfigurationReference = 432DB43EEB55861979855708 /* Pods-weathermvvmapp.release.xcconfig */;
			buildSettings = {
				ASSETCATALOG_COMPILER_APPICON_NAME = AppIcon;
				ASSETCATALOG_COMPILER_GLOBAL_ACCENT_COLOR_NAME = AccentColor;
				CODE_SIGN_STYLE = Automatic;
				CURRENT_PROJECT_VERSION = 1;
				DEVELOPMENT_ASSET_PATHS = "\"weathermvvmapp/Preview Content\"";
				ENABLE_PREVIEWS = YES;
				GENERATE_INFOPLIST_FILE = YES;
				INFOPLIST_KEY_UIApplicationSceneManifest_Generation = YES;
				INFOPLIST_KEY_UIApplicationSupportsIndirectInputEvents = YES;
				INFOPLIST_KEY_UILaunchScreen_Generation = YES;
				INFOPLIST_KEY_UISupportedInterfaceOrientations_iPad = "UIInterfaceOrientationPortrait UIInterfaceOrientationPortraitUpsideDown UIInterfaceOrientationLandscapeLeft UIInterfaceOrientationLandscapeRight";
				INFOPLIST_KEY_UISupportedInterfaceOrientations_iPhone = "UIInterfaceOrientationPortrait UIInterfaceOrientationLandscapeLeft UIInterfaceOrientationLandscapeRight";
				LD_RUNPATH_SEARCH_PATHS = (
					"$(inherited)",
					"@executable_path/Frameworks",
				);
				MARKETING_VERSION = 1.0;
				PRODUCT_BUNDLE_IDENTIFIER = mahesh.com.weathermvvmapp;
				PRODUCT_NAME = "$(TARGET_NAME)";
				SWIFT_EMIT_LOC_STRINGS = YES;
				SWIFT_VERSION = 5.0;
				TARGETED_DEVICE_FAMILY = "1,2";
			};
			name = Release;
		};
/* End XCBuildConfiguration section */

/* Begin XCConfigurationList section */
		2F8B84EC28F85C6F0046E4BA /* Build configuration list for PBXProject "weathermvvmapp" */ = {
			isa = XCConfigurationList;
			buildConfigurations = (
				2F8B84FD28F85C6F0046E4BA /* Debug */,
				2F8B84FE28F85C6F0046E4BA /* Release */,
			);
			defaultConfigurationIsVisible = 0;
			defaultConfigurationName = Release;
		};
		2F8B84FF28F85C6F0046E4BA /* Build configuration list for PBXNativeTarget "weathermvvmapp" */ = {
			isa = XCConfigurationList;
			buildConfigurations = (
				2F8B850028F85C6F0046E4BA /* Debug */,
				2F8B850128F85C6F0046E4BA /* Release */,
			);
			defaultConfigurationIsVisible = 0;
			defaultConfigurationName = Release;
		};
/* End XCConfigurationList section */
	};
	rootObject = 2F8B84E928F85C6F0046E4BA /* Project object */;
}
